
Microsoft Visual Studio Solution File, Format Version 12.00
# Visual Studio Version 16
VisualStudioVersion = 16.0.29006.145
MinimumVisualStudioVersion = 10.0.40219.1
Project("{9A19103F-16F7-4668-BE54-9A1E7A4F7556}") = "Solid.Extensions", "Solid.Extensions\Solid.Extensions.csproj", "{90526C74-B2AA-4C4D-BB0C-BE728FCD224F}"
EndProject
Project("{FAE04EC0-301F-11D3-BF4B-00C04F79EFBC}") = "Solid.Extensions.Test", "Solid.Extensions.Test\Solid.Extensions.Test.csproj", "{9741F76C-AC02-40D4-A08F-6D4C0E1B2CD0}"
EndProject
Global
	GlobalSection(SolutionConfigurationPlatforms) = preSolution
		Debug|Any CPU = Debug|Any CPU
		Release|Any CPU = Release|Any CPU
	EndGlobalSection
	GlobalSection(ProjectConfigurationPlatforms) = postSolution
		{90526C74-B2AA-4C4D-BB0C-BE728FCD224F}.Debug|Any CPU.ActiveCfg = Debug|Any CPU
		{90526C74-B2AA-4C4D-BB0C-BE728FCD224F}.Debug|Any CPU.Build.0 = Debug|Any CPU
		{90526C74-B2AA-4C4D-BB0C-BE728FCD224F}.Release|Any CPU.ActiveCfg = Release|Any CPU
		{90526C74-B2AA-4C4D-BB0C-BE728FCD224F}.Release|Any CPU.Build.0 = Release|Any CPU
		{9741F76C-AC02-40D4-A08F-6D4C0E1B2CD0}.Debug|Any CPU.ActiveCfg = Debug|Any CPU
		{9741F76C-AC02-40D4-A08F-6D4C0E1B2CD0}.Debug|Any CPU.Build.0 = Debug|Any CPU
		{9741F76C-AC02-40D4-A08F-6D4C0E1B2CD0}.Release|Any CPU.ActiveCfg = Release|Any CPU
		{9741F76C-AC02-40D4-A08F-6D4C0E1B2CD0}.Release|Any CPU.Build.0 = Release|Any CPU
	EndGlobalSection
	GlobalSection(SolutionProperties) = preSolution
		HideSolutionNode = FALSE
	EndGlobalSection
	GlobalSection(ExtensibilityGlobals) = postSolution
		SolutionGuid = {9070EBA3-359F-46A8-9D68-1FFE1B2B73FF}
	EndGlobalSection
EndGlobal
